
Microsoft Visual Studio Solution File, Format Version 12.00
# Visual Studio Version 17
VisualStudioVersion = 17.4.33110.190
MinimumVisualStudioVersion = 10.0.40219.1
Project("{FAE04EC0-301F-11D3-BF4B-00C04F79EFBC}") = "16.02labb", "16.02labb\16.02labb.csproj", "{52F1289B-7A80-433B-9F20-487772AFEAF4}"
EndProject
Global
	GlobalSection(SolutionConfigurationPlatforms) = preSolution
		Debug|Any CPU = Debug|Any CPU
		Release|Any CPU = Release|Any CPU
	EndGlobalSection
	GlobalSection(ProjectConfigurationPlatforms) = postSolution
		{52F1289B-7A80-433B-9F20-487772AFEAF4}.Debug|Any CPU.ActiveCfg = Debug|Any CPU
		{52F1289B-7A80-433B-9F20-487772AFEAF4}.Debug|Any CPU.Build.0 = Debug|Any CPU
		{52F1289B-7A80-433B-9F20-487772AFEAF4}.Release|Any CPU.ActiveCfg = Release|Any CPU
		{52F1289B-7A80-433B-9F20-487772AFEAF4}.Release|Any CPU.Build.0 = Release|Any CPU
	EndGlobalSection
	GlobalSection(SolutionProperties) = preSolution
		HideSolutionNode = FALSE
	EndGlobalSection
	GlobalSection(ExtensibilityGlobals) = postSolution
		SolutionGuid = {C7076D8B-E8CE-494F-8493-D5D73D40572F}
	EndGlobalSection
EndGlobal
